
Microsoft Visual Studio Solution File, Format Version 12.00
# Visual Studio 14
VisualStudioVersion = 14.0.25123.0
MinimumVisualStudioVersion = 10.0.40219.1
Project("{FAE04EC0-301F-11D3-BF4B-00C04F79EFBC}") = "XamarinCross.Droid", "XamarinCross\XamarinCross.Droid\XamarinCross.Droid.csproj", "{007CF5B1-F783-4804-96F9-781657A1EE43}"
EndProject
Project("{FAE04EC0-301F-11D3-BF4B-00C04F79EFBC}") = "XamarinCross.iOS", "XamarinCross\XamarinCross.iOS\XamarinCross.iOS.csproj", "{9912D30C-AD83-4249-B26F-0EEBC4635582}"
EndProject
Project("{FAE04EC0-301F-11D3-BF4B-00C04F79EFBC}") = "XamarinCross.WinPhone", "XamarinCross\XamarinCross.WinPhone\XamarinCross.WinPhone.csproj", "{3E006373-8DCE-4C0B-86C3-750D03C0ABE5}"
EndProject
Project("{FAE04EC0-301F-11D3-BF4B-00C04F79EFBC}") = "XamarinCross", "XamarinCross\XamarinCross\XamarinCross.csproj", "{74ECEEDE-7D09-4411-8793-E7CACEEA878B}"
EndProject
Global
	GlobalSection(SolutionConfigurationPlatforms) = preSolution
		AppStore|Any CPU = AppStore|Any CPU
		AppStore|ARM = AppStore|ARM
		AppStore|iPhone = AppStore|iPhone
		AppStore|iPhoneSimulator = AppStore|iPhoneSimulator
		AppStore|x86 = AppStore|x86
		Debug|Any CPU = Debug|Any CPU
		Debug|ARM = Debug|ARM
		Debug|iPhone = Debug|iPhone
		Debug|iPhoneSimulator = Debug|iPhoneSimulator
		Debug|x86 = Debug|x86
		Release|Any CPU = Release|Any CPU
		Release|ARM = Release|ARM
		Release|iPhone = Release|iPhone
		Release|iPhoneSimulator = Release|iPhoneSimulator
		Release|x86 = Release|x86
	EndGlobalSection
	GlobalSection(ProjectConfigurationPlatforms) = postSolution
		{007CF5B1-F783-4804-96F9-781657A1EE43}.AppStore|Any CPU.ActiveCfg = Release|Any CPU
		{007CF5B1-F783-4804-96F9-781657A1EE43}.AppStore|Any CPU.Build.0 = Release|Any CPU
		{007CF5B1-F783-4804-96F9-781657A1EE43}.AppStore|Any CPU.Deploy.0 = Release|Any CPU
		{007CF5B1-F783-4804-96F9-781657A1EE43}.AppStore|ARM.ActiveCfg = Release|Any CPU
		{007CF5B1-F783-4804-96F9-781657A1EE43}.AppStore|ARM.Build.0 = Release|Any CPU
		{007CF5B1-F783-4804-96F9-781657A1EE43}.AppStore|ARM.Deploy.0 = Release|Any CPU
		{007CF5B1-F783-4804-96F9-781657A1EE43}.AppStore|iPhone.ActiveCfg = Release|Any CPU
		{007CF5B1-F783-4804-96F9-781657A1EE43}.AppStore|iPhone.Build.0 = Release|Any CPU
		{007CF5B1-F783-4804-96F9-781657A1EE43}.AppStore|iPhone.Deploy.0 = Release|Any CPU
		{007CF5B1-F783-4804-96F9-781657A1EE43}.AppStore|iPhoneSimulator.ActiveCfg = Release|Any CPU
		{007CF5B1-F783-4804-96F9-781657A1EE43}.AppStore|iPhoneSimulator.Build.0 = Release|Any CPU
		{007CF5B1-F783-4804-96F9-781657A1EE43}.AppStore|iPhoneSimulator.Deploy.0 = Release|Any CPU
		{007CF5B1-F783-4804-96F9-781657A1EE43}.AppStore|x86.ActiveCfg = Release|Any CPU
		{007CF5B1-F783-4804-96F9-781657A1EE43}.AppStore|x86.Build.0 = Release|Any CPU
		{007CF5B1-F783-4804-96F9-781657A1EE43}.AppStore|x86.Deploy.0 = Release|Any CPU
		{007CF5B1-F783-4804-96F9-781657A1EE43}.Debug|Any CPU.ActiveCfg = Debug|Any CPU
		{007CF5B1-F783-4804-96F9-781657A1EE43}.Debug|Any CPU.Build.0 = Debug|Any CPU
		{007CF5B1-F783-4804-96F9-781657A1EE43}.Debug|Any CPU.Deploy.0 = Debug|Any CPU
		{007CF5B1-F783-4804-96F9-781657A1EE43}.Debug|ARM.ActiveCfg = Debug|Any CPU
		{007CF5B1-F783-4804-96F9-781657A1EE43}.Debug|ARM.Build.0 = Debug|Any CPU
		{007CF5B1-F783-4804-96F9-781657A1EE43}.Debug|ARM.Deploy.0 = Debug|Any CPU
		{007CF5B1-F783-4804-96F9-781657A1EE43}.Debug|iPhone.ActiveCfg = Debug|Any CPU
		{007CF5B1-F783-4804-96F9-781657A1EE43}.Debug|iPhone.Build.0 = Debug|Any CPU
		{007CF5B1-F783-4804-96F9-781657A1EE43}.Debug|iPhone.Deploy.0 = Debug|Any CPU
		{007CF5B1-F783-4804-96F9-781657A1EE43}.Debug|iPhoneSimulator.ActiveCfg = Debug|Any CPU
		{007CF5B1-F783-4804-96F9-781657A1EE43}.Debug|iPhoneSimulator.Build.0 = Debug|Any CPU
		{007CF5B1-F783-4804-96F9-781657A1EE43}.Debug|iPhoneSimulator.Deploy.0 = Debug|Any CPU
		{007CF5B1-F783-4804-96F9-781657A1EE43}.Debug|x86.ActiveCfg = Debug|Any CPU
		{007CF5B1-F783-4804-96F9-781657A1EE43}.Debug|x86.Build.0 = Debug|Any CPU
		{007CF5B1-F783-4804-96F9-781657A1EE43}.Debug|x86.Deploy.0 = Debug|Any CPU
		{007CF5B1-F783-4804-96F9-781657A1EE43}.Release|Any CPU.ActiveCfg = Release|Any CPU
		{007CF5B1-F783-4804-96F9-781657A1EE43}.Release|Any CPU.Build.0 = Release|Any CPU
		{007CF5B1-F783-4804-96F9-781657A1EE43}.Release|Any CPU.Deploy.0 = Release|Any CPU
		{007CF5B1-F783-4804-96F9-781657A1EE43}.Release|ARM.ActiveCfg = Release|Any CPU
		{007CF5B1-F783-4804-96F9-781657A1EE43}.Release|ARM.Build.0 = Release|Any CPU
		{007CF5B1-F783-4804-96F9-781657A1EE43}.Release|ARM.Deploy.0 = Release|Any CPU
		{007CF5B1-F783-4804-96F9-781657A1EE43}.Release|iPhone.ActiveCfg = Release|Any CPU
		{007CF5B1-F783-4804-96F9-781657A1EE43}.Release|iPhone.Build.0 = Release|Any CPU
		{007CF5B1-F783-4804-96F9-781657A1EE43}.Release|iPhone.Deploy.0 = Release|Any CPU
		{007CF5B1-F783-4804-96F9-781657A1EE43}.Release|iPhoneSimulator.ActiveCfg = Release|Any CPU
		{007CF5B1-F783-4804-96F9-781657A1EE43}.Release|iPhoneSimulator.Build.0 = Release|Any CPU
		{007CF5B1-F783-4804-96F9-781657A1EE43}.Release|iPhoneSimulator.Deploy.0 = Release|Any CPU
		{007CF5B1-F783-4804-96F9-781657A1EE43}.Release|x86.ActiveCfg = Release|Any CPU
		{007CF5B1-F783-4804-96F9-781657A1EE43}.Release|x86.Build.0 = Release|Any CPU
		{007CF5B1-F783-4804-96F9-781657A1EE43}.Release|x86.Deploy.0 = Release|Any CPU
		{9912D30C-AD83-4249-B26F-0EEBC4635582}.AppStore|Any CPU.ActiveCfg = AppStore|iPhone
		{9912D30C-AD83-4249-B26F-0EEBC4635582}.AppStore|ARM.ActiveCfg = AppStore|iPhone
		{9912D30C-AD83-4249-B26F-0EEBC4635582}.AppStore|iPhone.ActiveCfg = AppStore|iPhone
		{9912D30C-AD83-4249-B26F-0EEBC4635582}.AppStore|iPhone.Build.0 = AppStore|iPhone
		{9912D30C-AD83-4249-B26F-0EEBC4635582}.AppStore|iPhoneSimulator.ActiveCfg = AppStore|iPhoneSimulator
		{9912D30C-AD83-4249-B26F-0EEBC4635582}.AppStore|iPhoneSimulator.Build.0 = AppStore|iPhoneSimulator
		{9912D30C-AD83-4249-B26F-0EEBC4635582}.AppStore|x86.ActiveCfg = AppStore|iPhone
		{9912D30C-AD83-4249-B26F-0EEBC4635582}.Debug|Any CPU.ActiveCfg = Debug|iPhone
		{9912D30C-AD83-4249-B26F-0EEBC4635582}.Debug|ARM.ActiveCfg = Debug|iPhone
		{9912D30C-AD83-4249-B26F-0EEBC4635582}.Debug|iPhone.ActiveCfg = Debug|iPhone
		{9912D30C-AD83-4249-B26F-0EEBC4635582}.Debug|iPhone.Build.0 = Debug|iPhone
		{9912D30C-AD83-4249-B26F-0EEBC4635582}.Debug|iPhoneSimulator.ActiveCfg = Debug|iPhoneSimulator
		{9912D30C-AD83-4249-B26F-0EEBC4635582}.Debug|iPhoneSimulator.Build.0 = Debug|iPhoneSimulator
		{9912D30C-AD83-4249-B26F-0EEBC4635582}.Debug|x86.ActiveCfg = Debug|iPhone
		{9912D30C-AD83-4249-B26F-0EEBC4635582}.Release|Any CPU.ActiveCfg = Release|iPhone
		{9912D30C-AD83-4249-B26F-0EEBC4635582}.Release|ARM.ActiveCfg = Release|iPhone
		{9912D30C-AD83-4249-B26F-0EEBC4635582}.Release|iPhone.ActiveCfg = Release|iPhone
		{9912D30C-AD83-4249-B26F-0EEBC4635582}.Release|iPhone.Build.0 = Release|iPhone
		{9912D30C-AD83-4249-B26F-0EEBC4635582}.Release|iPhoneSimulator.ActiveCfg = Release|iPhoneSimulator
		{9912D30C-AD83-4249-B26F-0EEBC4635582}.Release|iPhoneSimulator.Build.0 = Release|iPhoneSimulator
		{9912D30C-AD83-4249-B26F-0EEBC4635582}.Release|x86.ActiveCfg = Release|iPhone
		{3E006373-8DCE-4C0B-86C3-750D03C0ABE5}.AppStore|Any CPU.ActiveCfg = Release|Any CPU
		{3E006373-8DCE-4C0B-86C3-750D03C0ABE5}.AppStore|Any CPU.Build.0 = Release|Any CPU
		{3E006373-8DCE-4C0B-86C3-750D03C0ABE5}.AppStore|Any CPU.Deploy.0 = Release|Any CPU
		{3E006373-8DCE-4C0B-86C3-750D03C0ABE5}.AppStore|ARM.ActiveCfg = Release|ARM
		{3E006373-8DCE-4C0B-86C3-750D03C0ABE5}.AppStore|ARM.Build.0 = Release|ARM
		{3E006373-8DCE-4C0B-86C3-750D03C0ABE5}.AppStore|ARM.Deploy.0 = Release|ARM
		{3E006373-8DCE-4C0B-86C3-750D03C0ABE5}.AppStore|iPhone.ActiveCfg = Release|Any CPU
		{3E006373-8DCE-4C0B-86C3-750D03C0ABE5}.AppStore|iPhone.Build.0 = Release|Any CPU
		{3E006373-8DCE-4C0B-86C3-750D03C0ABE5}.AppStore|iPhone.Deploy.0 = Release|Any CPU
		{3E006373-8DCE-4C0B-86C3-750D03C0ABE5}.AppStore|iPhoneSimulator.ActiveCfg = Release|Any CPU
		{3E006373-8DCE-4C0B-86C3-750D03C0ABE5}.AppStore|iPhoneSimulator.Build.0 = Release|Any CPU
		{3E006373-8DCE-4C0B-86C3-750D03C0ABE5}.AppStore|iPhoneSimulator.Deploy.0 = Release|Any CPU
		{3E006373-8DCE-4C0B-86C3-750D03C0ABE5}.AppStore|x86.ActiveCfg = Release|x86
		{3E006373-8DCE-4C0B-86C3-750D03C0ABE5}.AppStore|x86.Build.0 = Release|x86
		{3E006373-8DCE-4C0B-86C3-750D03C0ABE5}.AppStore|x86.Deploy.0 = Release|x86
		{3E006373-8DCE-4C0B-86C3-750D03C0ABE5}.Debug|Any CPU.ActiveCfg = Debug|Any CPU
		{3E006373-8DCE-4C0B-86C3-750D03C0ABE5}.Debug|Any CPU.Build.0 = Debug|Any CPU
		{3E006373-8DCE-4C0B-86C3-750D03C0ABE5}.Debug|Any CPU.Deploy.0 = Debug|Any CPU
		{3E006373-8DCE-4C0B-86C3-750D03C0ABE5}.Debug|ARM.ActiveCfg = Debug|ARM
		{3E006373-8DCE-4C0B-86C3-750D03C0ABE5}.Debug|ARM.Build.0 = Debug|ARM
		{3E006373-8DCE-4C0B-86C3-750D03C0ABE5}.Debug|ARM.Deploy.0 = Debug|ARM
		{3E006373-8DCE-4C0B-86C3-750D03C0ABE5}.Debug|iPhone.ActiveCfg = Debug|Any CPU
		{3E006373-8DCE-4C0B-86C3-750D03C0ABE5}.Debug|iPhone.Build.0 = Debug|Any CPU
		{3E006373-8DCE-4C0B-86C3-750D03C0ABE5}.Debug|iPhone.Deploy.0 = Debug|Any CPU
		{3E006373-8DCE-4C0B-86C3-750D03C0ABE5}.Debug|iPhoneSimulator.ActiveCfg = Debug|Any CPU
		{3E006373-8DCE-4C0B-86C3-750D03C0ABE5}.Debug|iPhoneSimulator.Build.0 = Debug|Any CPU
		{3E006373-8DCE-4C0B-86C3-750D03C0ABE5}.Debug|iPhoneSimulator.Deploy.0 = Debug|Any CPU
		{3E006373-8DCE-4C0B-86C3-750D03C0ABE5}.Debug|x86.ActiveCfg = Debug|x86
		{3E006373-8DCE-4C0B-86C3-750D03C0ABE5}.Debug|x86.Build.0 = Debug|x86
		{3E006373-8DCE-4C0B-86C3-750D03C0ABE5}.Debug|x86.Deploy.0 = Debug|x86
		{3E006373-8DCE-4C0B-86C3-750D03C0ABE5}.Release|Any CPU.ActiveCfg = Release|Any CPU
		{3E006373-8DCE-4C0B-86C3-750D03C0ABE5}.Release|Any CPU.Build.0 = Release|Any CPU
		{3E006373-8DCE-4C0B-86C3-750D03C0ABE5}.Release|Any CPU.Deploy.0 = Release|Any CPU
		{3E006373-8DCE-4C0B-86C3-750D03C0ABE5}.Release|ARM.ActiveCfg = Release|ARM
		{3E006373-8DCE-4C0B-86C3-750D03C0ABE5}.Release|ARM.Build.0 = Release|ARM
		{3E006373-8DCE-4C0B-86C3-750D03C0ABE5}.Release|ARM.Deploy.0 = Release|ARM
		{3E006373-8DCE-4C0B-86C3-750D03C0ABE5}.Release|iPhone.ActiveCfg = Release|Any CPU
		{3E006373-8DCE-4C0B-86C3-750D03C0ABE5}.Release|iPhone.Build.0 = Release|Any CPU
		{3E006373-8DCE-4C0B-86C3-750D03C0ABE5}.Release|iPhone.Deploy.0 = Release|Any CPU
		{3E006373-8DCE-4C0B-86C3-750D03C0ABE5}.Release|iPhoneSimulator.ActiveCfg = Release|Any CPU
		{3E006373-8DCE-4C0B-86C3-750D03C0ABE5}.Release|iPhoneSimulator.Build.0 = Release|Any CPU
		{3E006373-8DCE-4C0B-86C3-750D03C0ABE5}.Release|iPhoneSimulator.Deploy.0 = Release|Any CPU
		{3E006373-8DCE-4C0B-86C3-750D03C0ABE5}.Release|x86.ActiveCfg = Release|x86
		{3E006373-8DCE-4C0B-86C3-750D03C0ABE5}.Release|x86.Build.0 = Release|x86
		{3E006373-8DCE-4C0B-86C3-750D03C0ABE5}.Release|x86.Deploy.0 = Release|x86
		{74ECEEDE-7D09-4411-8793-E7CACEEA878B}.AppStore|Any CPU.ActiveCfg = Release|Any CPU
		{74ECEEDE-7D09-4411-8793-E7CACEEA878B}.AppStore|Any CPU.Build.0 = Release|Any CPU
		{74ECEEDE-7D09-4411-8793-E7CACEEA878B}.AppStore|ARM.ActiveCfg = Release|Any CPU
		{74ECEEDE-7D09-4411-8793-E7CACEEA878B}.AppStore|ARM.Build.0 = Release|Any CPU
		{74ECEEDE-7D09-4411-8793-E7CACEEA878B}.AppStore|iPhone.ActiveCfg = Release|Any CPU
		{74ECEEDE-7D09-4411-8793-E7CACEEA878B}.AppStore|iPhone.Build.0 = Release|Any CPU
		{74ECEEDE-7D09-4411-8793-E7CACEEA878B}.AppStore|iPhoneSimulator.ActiveCfg = Release|Any CPU
		{74ECEEDE-7D09-4411-8793-E7CACEEA878B}.AppStore|iPhoneSimulator.Build.0 = Release|Any CPU
		{74ECEEDE-7D09-4411-8793-E7CACEEA878B}.AppStore|x86.ActiveCfg = Release|Any CPU
		{74ECEEDE-7D09-4411-8793-E7CACEEA878B}.AppStore|x86.Build.0 = Release|Any CPU
		{74ECEEDE-7D09-4411-8793-E7CACEEA878B}.Debug|Any CPU.ActiveCfg = Debug|Any CPU
		{74ECEEDE-7D09-4411-8793-E7CACEEA878B}.Debug|Any CPU.Build.0 = Debug|Any CPU
		{74ECEEDE-7D09-4411-8793-E7CACEEA878B}.Debug|ARM.ActiveCfg = Debug|Any CPU
		{74ECEEDE-7D09-4411-8793-E7CACEEA878B}.Debug|ARM.Build.0 = Debug|Any CPU
		{74ECEEDE-7D09-4411-8793-E7CACEEA878B}.Debug|iPhone.ActiveCfg = Debug|Any CPU
		{74ECEEDE-7D09-4411-8793-E7CACEEA878B}.Debug|iPhone.Build.0 = Debug|Any CPU
		{74ECEEDE-7D09-4411-8793-E7CACEEA878B}.Debug|iPhoneSimulator.ActiveCfg = Debug|Any CPU
		{74ECEEDE-7D09-4411-8793-E7CACEEA878B}.Debug|iPhoneSimulator.Build.0 = Debug|Any CPU
		{74ECEEDE-7D09-4411-8793-E7CACEEA878B}.Debug|x86.ActiveCfg = Debug|Any CPU
		{74ECEEDE-7D09-4411-8793-E7CACEEA878B}.Debug|x86.Build.0 = Debug|Any CPU
		{74ECEEDE-7D09-4411-8793-E7CACEEA878B}.Release|Any CPU.ActiveCfg = Release|Any CPU
		{74ECEEDE-7D09-4411-8793-E7CACEEA878B}.Release|Any CPU.Build.0 = Release|Any CPU
		{74ECEEDE-7D09-4411-8793-E7CACEEA878B}.Release|ARM.ActiveCfg = Release|Any CPU
		{74ECEEDE-7D09-4411-8793-E7CACEEA878B}.Release|ARM.Build.0 = Release|Any CPU
		{74ECEEDE-7D09-4411-8793-E7CACEEA878B}.Release|iPhone.ActiveCfg = Release|Any CPU
		{74ECEEDE-7D09-4411-8793-E7CACEEA878B}.Release|iPhone.Build.0 = Release|Any CPU
		{74ECEEDE-7D09-4411-8793-E7CACEEA878B}.Release|iPhoneSimulator.ActiveCfg = Release|Any CPU
		{74ECEEDE-7D09-4411-8793-E7CACEEA878B}.Release|iPhoneSimulator.Build.0 = Release|Any CPU
		{74ECEEDE-7D09-4411-8793-E7CACEEA878B}.Release|x86.ActiveCfg = Release|Any CPU
		{74ECEEDE-7D09-4411-8793-E7CACEEA878B}.Release|x86.Build.0 = Release|Any CPU
	EndGlobalSection
	GlobalSection(SolutionProperties) = preSolution
		HideSolutionNode = FALSE
	EndGlobalSection
EndGlobal
